# This file is autogenerated, do not edit; changes may be undone by the next 'dep ensure'.


[[projects]]
  name = "github.com/appliedgocourses/version"
  packages = ["."]
  revision = "0b2e7306c886bf8a5d3a7d38499763adbd810e99"
  version = "1.2.0"

[solve-meta]
  analyzer-name = "dep"
  analyzer-version = 1
  inputs-digest = "80943c22b758970297ba536b3d77610bb2cec644e6621e252cc235e6cbd4680c"
  solver-name = "gps-cdcl"
  solver-version = 1
