github.com/AppliedGoCourses/mastergo/5_AdvancedTopics/5-2-2_TTP_reflection/pretty v0.0.0-20210603105317-8156df53042f h1:YJCzxqouyfNAXTyb/QRvWTpaVRftrxoZCsldZT2GpfA=
github.com/AppliedGoCourses/mastergo/5_AdvancedTopics/5-2-2_TTP_reflection/pretty v0.0.0-20210603105317-8156df53042f/go.mod h1:aDGUv0+sjoOXHUxZwlmNJNkbbNxT9iSU2059mMOeo/w=
