# This file is autogenerated, do not edit; changes may be undone by the next 'dep ensure'.


[[projects]]
  name = "github.com/brianvoe/gofakeit"
  packages = [".","data"]
  revision = "5db5affaf682c09b39c9b613227bd4f6faac9c93"
  version = "v3.1.0"

[[projects]]
  name = "github.com/pkg/errors"
  packages = ["."]
  revision = "645ef00459ed84a119197bfb8d8205042c6df63d"
  version = "v0.8.0"

[[projects]]
  branch = "master"
  name = "golang.org/x/net"
  packages = ["context"]
  revision = "d866cfc389cec985d6fda2859936a575a55a3ab6"

[[projects]]
  branch = "master"
  name = "golang.org/x/sync"
  packages = ["errgroup"]
  revision = "fd80eb99c8f653c847d294a001bdf2a3a6f768f5"

[solve-meta]
  analyzer-name = "dep"
  analyzer-version = 1
  inputs-digest = "7550b8c59c1e1f8e4afbc9ed39dea5141a7d3afd9c59294c70bc3b5345913d5a"
  solver-name = "gps-cdcl"
  solver-version = 1
