github.com/AppliedGoCourses/A v0.1.0 h1:2AgC8oYxcy/mwCLs3btlmhW5CGwPJaUm0q03pOR4T7I=
github.com/AppliedGoCourses/A v0.1.0/go.mod h1:p/+2z9b3KCGuZVOmcfY8xS9nhxxVfNcCu+cVTViKxvk=
github.com/AppliedGoCourses/B v0.1.0 h1:38pv/zoMlK++7vllHUHJP9l9yB03LYqA8rani//Xt7Q=
github.com/AppliedGoCourses/B v0.1.0/go.mod h1:E0+uAAH4aliRgBxIkv8YGrze9IsSAU5+oiWamRCkBm4=
github.com/AppliedGoCourses/C v1.2.0 h1:9GbM/h73ZeWy+wRhjJ6nPuXXSJx+XmCq3zhVk1p032o=
github.com/AppliedGoCourses/C v1.2.0/go.mod h1:faBYAMj2Cx0NPapOOQ02+wk8i+kIxBWDHXgPHUnAbB0=
