github.com/appliedgocourses/B v1.0.0 h1:JwTj7Tc66xYd+Gxw1XFsziHzL8GBKzBJ1Sl7qshPVBs=
github.com/appliedgocourses/B v1.0.0/go.mod h1:wrWEPpiHLxw91asdOaYY0/rCRokA4IAF20Z80c/h4ug=
github.com/appliedgocourses/C v1.0.0 h1:hrCHwo4P+yCLmJ+QIeu5m4Vz2AHZ7IzfmGv8v9093BU=
github.com/appliedgocourses/C v1.0.0/go.mod h1:AlxxqhvGvqgnJp96Fd7mYqfmII+hFZvskNDUbcmhwr0=
github.com/appliedgocourses/D v1.0.0/go.mod h1:ylhwJ1SoD6Rmvpga3msXWzjVGA5yIuOBplK+dwsWPUU=
github.com/appliedgocourses/D v1.1.0 h1:r1XoqSYHyk1IZcqES2cuI0mo2kQvxlturvHlqMO3CZA=
github.com/appliedgocourses/D v1.1.0/go.mod h1:ylhwJ1SoD6Rmvpga3msXWzjVGA5yIuOBplK+dwsWPUU=
github.com/appliedgocourses/D v1.1.1 h1:ltwQQGl+ghwOO6DBJtTsbRJ2FXlL1biLhe/c5i7MaL0=
github.com/appliedgocourses/D v1.1.1/go.mod h1:ylhwJ1SoD6Rmvpga3msXWzjVGA5yIuOBplK+dwsWPUU=
github.com/appliedgocourses/D v1.2.0 h1:cHhv4tysWsi0VpCmhwakg9RlfgD2TDOzVUeD4zKe9QU=
github.com/appliedgocourses/D v1.2.0/go.mod h1:ylhwJ1SoD6Rmvpga3msXWzjVGA5yIuOBplK+dwsWPUU=
